
Microsoft Visual Studio Solution File, Format Version 12.00
# Visual Studio Version 17
VisualStudioVersion = 17.2.32602.215
MinimumVisualStudioVersion = 10.0.40219.1
Project("{9A19103F-16F7-4668-BE54-9A1E7A4F7556}") = "RPD", "RPD\RPD.csproj", "{FEEE9C5B-5E43-4A77-BE54-9A5976907237}"
EndProject
Global
	GlobalSection(SolutionConfigurationPlatforms) = preSolution
		Debug|Any CPU = Debug|Any CPU
		Release|Any CPU = Release|Any CPU
	EndGlobalSection
	GlobalSection(ProjectConfigurationPlatforms) = postSolution
		{FEEE9C5B-5E43-4A77-BE54-9A5976907237}.Debug|Any CPU.ActiveCfg = Debug|Any CPU
		{FEEE9C5B-5E43-4A77-BE54-9A5976907237}.Debug|Any CPU.Build.0 = Debug|Any CPU
		{FEEE9C5B-5E43-4A77-BE54-9A5976907237}.Release|Any CPU.ActiveCfg = Release|Any CPU
		{FEEE9C5B-5E43-4A77-BE54-9A5976907237}.Release|Any CPU.Build.0 = Release|Any CPU
	EndGlobalSection
	GlobalSection(SolutionProperties) = preSolution
		HideSolutionNode = FALSE
	EndGlobalSection
	GlobalSection(ExtensibilityGlobals) = postSolution
		SolutionGuid = {948EBA5D-8E6B-48C9-B87F-6C8270C1B216}
	EndGlobalSection
EndGlobal
